
Microsoft Visual Studio Solution File, Format Version 12.00
# Visual Studio Version 17
VisualStudioVersion = 17.7.34003.232
MinimumVisualStudioVersion = 10.0.40219.1
Project("{888888A0-9F3D-457C-B088-3A5042F75D52}") = "IntelliTrader", "IntelliTrader.pyproj", "{5C1817A8-2DEC-4E95-BF27-9ED30769ED79}"
EndProject
Project("{2150E333-8FDC-42A3-9474-1A3956D46DE8}") = "Solution Items", "Solution Items", "{3AE8EA03-3D67-424D-8529-0CBD58C0CFF2}"
	ProjectSection(SolutionItems) = preProject
		release-please-config.json = release-please-config.json
	EndProjectSection
EndProject
Global
	GlobalSection(SolutionConfigurationPlatforms) = preSolution
		Debug|Any CPU = Debug|Any CPU
		Release|Any CPU = Release|Any CPU
	EndGlobalSection
	GlobalSection(ProjectConfigurationPlatforms) = postSolution
		{5C1817A8-2DEC-4E95-BF27-9ED30769ED79}.Debug|Any CPU.ActiveCfg = Debug|Any CPU
		{5C1817A8-2DEC-4E95-BF27-9ED30769ED79}.Release|Any CPU.ActiveCfg = Release|Any CPU
	EndGlobalSection
	GlobalSection(SolutionProperties) = preSolution
		HideSolutionNode = FALSE
	EndGlobalSection
	GlobalSection(ExtensibilityGlobals) = postSolution
		SolutionGuid = {2014B2AD-4C84-4A65-A9A0-F80EF0A3F7DE}
	EndGlobalSection
EndGlobal
